lockfileVersion: '9.0'

settings:
  autoInstallPeers: true
  excludeLinksFromLockfile: false

importers:

  .:
    dependencies:
      '@atproto/api':
        specifier: ^0.19.3
        version: 0.19.3
      dotenv:
        specifier: ^17.3.1
        version: 17.3.1
    devDependencies:
      '@types/node':
        specifier: ^25.5.0
        version: 25.5.0
      typescript:
        specifier: ^5.9.3
        version: 5.9.3

packages:

  '@atproto/api@0.19.3':
    resolution: {integrity: sha512-G8YpBpRouHdTAIagi/QQIUZOhGd1jfBQWkJy9QfxAzjjEpPvaVOSk4e1S85QzGLm/xbzVONzGkmdtiOSfP6wVg==}

  '@atproto/common-web@0.4.18':
    resolution: {integrity: sha512-ilImzP+9N/mtse440kN60pGrEzG7wi4xsV13nGeLrS+Zocybc/ISOpKlbZM13o+twPJ+Q7veGLw9CtGg0GAFoQ==}

  '@atproto/lex-data@0.0.13':
    resolution: {integrity: sha512-7Z7RwZ1Y/JzBF/Tcn/I4UJ/vIGfh5zn1zjv0KX+flke2JtgFkSE8uh2hOtqgBQMNqE3zdJFM+dcSWln86hR3MQ==}

  '@atproto/lex-json@0.0.13':
    resolution: {integrity: sha512-hwLhkKaIHulGJpt0EfXAEWdrxqM2L1tV/tvilzhMp3QxPqYgXchFnrfVmLsyFDx6P6qkH1GsX/XC2V36U0UlPQ==}

  '@atproto/lexicon@0.6.2':
    resolution: {integrity: sha512-p3Ly6hinVZW0ETuAXZMeUGwuMm3g8HvQMQ41yyEE6AL0hAkfeKFaZKos6BdBrr6CjkpbrDZqE8M+5+QOceysMw==}

  '@atproto/syntax@0.5.0':
    resolution: {integrity: sha512-UA2DSpGdOQzUQ4gi5SH+NEJz/YR3a3Fg3y2oh+xETDSiTRmA4VhHRCojhXAVsBxUT6EnItw190C/KN+DWW90kw==}

  '@atproto/xrpc@0.7.7':
    resolution: {integrity: sha512-K1ZyO/BU8JNtXX5dmPp7b5UrkLMMqpsIa/Lrj5D3Su+j1Xwq1m6QJ2XJ1AgjEjkI1v4Muzm7klianLE6XGxtmA==}

  '@types/node@25.5.0':
    resolution: {integrity: sha512-jp2P3tQMSxWugkCUKLRPVUpGaL5MVFwF8RDuSRztfwgN1wmqJeMSbKlnEtQqU8UrhTmzEmZdu2I6v2dpp7XIxw==}

  await-lock@2.2.2:
    resolution: {integrity: sha512-aDczADvlvTGajTDjcjpJMqRkOF6Qdz3YbPZm/PyW6tKPkx2hlYBzxMhEywM/tU72HrVZjgl5VCdRuMlA7pZ8Gw==}

  dotenv@17.3.1:
    resolution: {integrity: sha512-IO8C/dzEb6O3F9/twg6ZLXz164a2fhTnEWb95H23Dm4OuN+92NmEAlTrupP9VW6Jm3sO26tQlqyvyi4CsnY9GA==}
    engines: {node: '>=12'}

  iso-datestring-validator@2.2.2:
    resolution: {integrity: sha512-yLEMkBbLZTlVQqOnQ4FiMujR6T4DEcCb1xizmvXS+OxuhwcbtynoosRzdMA69zZCShCNAbi+gJ71FxZBBXx1SA==}

  multiformats@9.9.0:
    resolution: {integrity: sha512-HoMUjhH9T8DDBNT+6xzkrd9ga/XiBI4xLr58LJACwK6G3HTOPeMz4nB4KJs33L2BelrIJa7P0VuNaVF3hMYfjg==}

  tlds@1.261.0:
    resolution: {integrity: sha512-QXqwfEl9ddlGBaRFXIvNKK6OhipSiLXuRuLJX5DErz0o0Q0rYxulWLdFryTkV5PkdZct5iMInwYEGe/eR++1AA==}
    hasBin: true

  tslib@2.8.1:
    resolution: {integrity: sha512-oJFu94HQb+KVduSUQL7wnpmqnfmLsOA/nAh6b6EH0wCEoK0/mPeXU6c3wKDV83MkOuHPRHtSXKKU99IBazS/2w==}

  typescript@5.9.3:
    resolution: {integrity: sha512-jl1vZzPDinLr9eUt3J/t7V6FgNEw9QjvBPdysz9KfQDD41fQrC2Y4vKQdiaUpFT4bXlb1RHhLpp8wtm6M5TgSw==}
    engines: {node: '>=14.17'}
    hasBin: true

  uint8arrays@3.0.0:
    resolution: {integrity: sha512-HRCx0q6O9Bfbp+HHSfQQKD7wU70+lydKVt4EghkdOvlK/NlrF90z+eXV34mUd48rNvVJXwkrMSPpCATkct8fJA==}

  undici-types@7.18.2:
    resolution: {integrity: sha512-AsuCzffGHJybSaRrmr5eHr81mwJU3kjw6M+uprWvCXiNeN9SOGwQ3Jn8jb8m3Z6izVgknn1R0FTCEAP2QrLY/w==}

  unicode-segmenter@0.14.5:
    resolution: {integrity: sha512-jHGmj2LUuqDcX3hqY12Ql+uhUTn8huuxNZGq7GvtF6bSybzH3aFgedYu/KTzQStEgt1Ra2F3HxadNXsNjb3m3g==}

  zod@3.25.76:
    resolution: {integrity: sha512-gzUt/qt81nXsFGKIFcC3YnfEAx5NkunCfnDlvuBSSFS02bcXu4Lmea0AFIUwbLWxWPx3d9p8S5QoaujKcNQxcQ==}

snapshots:

  '@atproto/api@0.19.3':
    dependencies:
      '@atproto/common-web': 0.4.18
      '@atproto/lexicon': 0.6.2
      '@atproto/syntax': 0.5.0
      '@atproto/xrpc': 0.7.7
      await-lock: 2.2.2
      multiformats: 9.9.0
      tlds: 1.261.0
      zod: 3.25.76

  '@atproto/common-web@0.4.18':
    dependencies:
      '@atproto/lex-data': 0.0.13
      '@atproto/lex-json': 0.0.13
      '@atproto/syntax': 0.5.0
      zod: 3.25.76

  '@atproto/lex-data@0.0.13':
    dependencies:
      multiformats: 9.9.0
      tslib: 2.8.1
      uint8arrays: 3.0.0
      unicode-segmenter: 0.14.5

  '@atproto/lex-json@0.0.13':
    dependencies:
      '@atproto/lex-data': 0.0.13
      tslib: 2.8.1

  '@atproto/lexicon@0.6.2':
    dependencies:
      '@atproto/common-web': 0.4.18
      '@atproto/syntax': 0.5.0
      iso-datestring-validator: 2.2.2
      multiformats: 9.9.0
      zod: 3.25.76

  '@atproto/syntax@0.5.0':
    dependencies:
      tslib: 2.8.1

  '@atproto/xrpc@0.7.7':
    dependencies:
      '@atproto/lexicon': 0.6.2
      zod: 3.25.76

  '@types/node@25.5.0':
    dependencies:
      undici-types: 7.18.2

  await-lock@2.2.2: {}

  dotenv@17.3.1: {}

  iso-datestring-validator@2.2.2: {}

  multiformats@9.9.0: {}

  tlds@1.261.0: {}

  tslib@2.8.1: {}

  typescript@5.9.3: {}

  uint8arrays@3.0.0:
    dependencies:
      multiformats: 9.9.0

  undici-types@7.18.2: {}

  unicode-segmenter@0.14.5: {}

  zod@3.25.76: {}
