lockfileVersion: '9.0'

settings:
  autoInstallPeers: true
  excludeLinksFromLockfile: false

importers:

  .:
    dependencies:
      '@atproto/api':
        specifier: ^0.20.5
        version: 0.20.5
    devDependencies:
      '@t1xx1/tsfix':
        specifier: ^1.0.0
        version: 1.0.0
      '@types/node':
        specifier: ^25.9.1
        version: 25.9.1
      typescript:
        specifier: ^6.0.3
        version: 6.0.3

packages:

  '@atproto/api@0.20.5':
    resolution: {integrity: sha512-VqkRYKR9vRRk36NhtytJz5TPhNtR1hczCcfM+bWoOK6MBvWUT8HwelufrycFAIbFIH7n4ws+5UbnLYpTIBQZ6Q==}
    engines: {node: '>=22'}

  '@atproto/common-web@0.5.0':
    resolution: {integrity: sha512-ReWnkuZdDU/74/I47gaI26uxQjHmpq4edp41NnZZQ5vIIKGb7Ei6pZHzDTUD9JURo109SKrPx9RMP2IQm0fOKA==}
    engines: {node: '>=22'}

  '@atproto/lex-data@0.1.1':
    resolution: {integrity: sha512-/xza8nU/YhtzhETnHL3QKKofaJ28/0NCzhT7LaYoUkm8EgypWp5ykEtmW52yLhQM2JF6fVa25g1soQmNTGqtSg==}
    engines: {node: '>=22'}

  '@atproto/lex-json@0.1.0':
    resolution: {integrity: sha512-oWUrRMwFyWpmi/5k1Se3xBTbP06XdxBS5iFuUz9LmqItaPXwrWRD87a9ldPvINQ/A2/mn7J6/qug8sDVlhD+vQ==}
    engines: {node: '>=22'}

  '@atproto/lexicon@0.7.1':
    resolution: {integrity: sha512-voNfNED5KUxn3vpo7N5DMRblBDfWf7kSfdKhJFC1RrLCxg38YbBzzURNVQJ32bp13Oot8kYfyXBWxTgtKLvw8w==}
    engines: {node: '>=22'}

  '@atproto/syntax@0.6.1':
    resolution: {integrity: sha512-kA4dQDoMPpWCH8N0Q4KoSq024u5MkVfDVa8DdhyLjGA72z/khbOf1jXKPv7NIL2oEc9aj7geKELdvqyf4ogopA==}
    engines: {node: '>=22'}

  '@atproto/xrpc@0.8.0':
    resolution: {integrity: sha512-NJy02bIKrWlE2NQkRV1kT0Cj0ixbuxlF/MejBdo4cPWAa9v3oZexvAcjjb0zaOYeABkaU14iyIhvn2G4e/oLpw==}
    engines: {node: '>=22'}

  '@t1xx1/tsfix@1.0.0':
    resolution: {integrity: sha512-TUhsFsJdGmb9fLKnzuNxJxrAP5Ds8X+RcEtqi3PhyQgWcSIvtbH8Jg8wHCPDFjANm1t2qkx8tsGzKZ1QWAf2Ug==}
    engines: {node: '>=24'}

  '@types/node@25.9.1':
    resolution: {integrity: sha512-xfrlY7UD5rMJk3ZVJP8BNzS28J36YJg+xp+LPXV1TdWxr8uMH5A860QNxYDGQe/ylDSgjxE52Q9VnO7p75tJxg==}

  await-lock@3.0.0:
    resolution: {integrity: sha512-eO6fLiSnrJrMdjWMNK8zbVRXPs2TKJg78iKZd9wDpN3na5tcoV6EoeiOlMgk2QaAQ1gIrK1YuMsJHXWqz89tSA==}

  iso-datestring-validator@2.2.2:
    resolution: {integrity: sha512-yLEMkBbLZTlVQqOnQ4FiMujR6T4DEcCb1xizmvXS+OxuhwcbtynoosRzdMA69zZCShCNAbi+gJ71FxZBBXx1SA==}

  multiformats@13.4.2:
    resolution: {integrity: sha512-eh6eHCrRi1+POZ3dA+Dq1C6jhP1GNtr9CRINMb67OKzqW9I5DUuZM/3jLPlzhgpGeiNUlEGEbkCYChXMCc/8DQ==}

  tlds@1.261.0:
    resolution: {integrity: sha512-QXqwfEl9ddlGBaRFXIvNKK6OhipSiLXuRuLJX5DErz0o0Q0rYxulWLdFryTkV5PkdZct5iMInwYEGe/eR++1AA==}
    hasBin: true

  tslib@2.8.1:
    resolution: {integrity: sha512-oJFu94HQb+KVduSUQL7wnpmqnfmLsOA/nAh6b6EH0wCEoK0/mPeXU6c3wKDV83MkOuHPRHtSXKKU99IBazS/2w==}

  typescript@6.0.3:
    resolution: {integrity: sha512-y2TvuxSZPDyQakkFRPZHKFm+KKVqIisdg9/CZwm9ftvKXLP8NRWj38/ODjNbr43SsoXqNuAisEf1GdCxqWcdBw==}
    engines: {node: '>=14.17'}
    hasBin: true

  uint8arrays@5.1.1:
    resolution: {integrity: sha512-9muQwa4wZG4dKi9gMAIBtnk2Pw87SRpvWTH6lOGm19V2Uqxr4uomUf2PGqPnWc+qs06sN8owUU4jfcoWOcfwVQ==}

  undici-types@7.24.6:
    resolution: {integrity: sha512-WRNW+sJgj5OBN4/0JpHFqtqzhpbnV0GuB+OozA9gCL7a993SmU+1JBZCzLNxYsbMfIeDL+lTsphD5jN5N+n0zg==}

  unicode-segmenter@0.14.5:
    resolution: {integrity: sha512-jHGmj2LUuqDcX3hqY12Ql+uhUTn8huuxNZGq7GvtF6bSybzH3aFgedYu/KTzQStEgt1Ra2F3HxadNXsNjb3m3g==}

  zod@3.25.76:
    resolution: {integrity: sha512-gzUt/qt81nXsFGKIFcC3YnfEAx5NkunCfnDlvuBSSFS02bcXu4Lmea0AFIUwbLWxWPx3d9p8S5QoaujKcNQxcQ==}

snapshots:

  '@atproto/api@0.20.5':
    dependencies:
      '@atproto/common-web': 0.5.0
      '@atproto/lexicon': 0.7.1
      '@atproto/syntax': 0.6.1
      '@atproto/xrpc': 0.8.0
      await-lock: 3.0.0
      multiformats: 13.4.2
      tlds: 1.261.0
      zod: 3.25.76

  '@atproto/common-web@0.5.0':
    dependencies:
      '@atproto/lex-data': 0.1.1
      '@atproto/lex-json': 0.1.0
      '@atproto/syntax': 0.6.1
      zod: 3.25.76

  '@atproto/lex-data@0.1.1':
    dependencies:
      multiformats: 13.4.2
      tslib: 2.8.1
      uint8arrays: 5.1.1
      unicode-segmenter: 0.14.5

  '@atproto/lex-json@0.1.0':
    dependencies:
      '@atproto/lex-data': 0.1.1
      tslib: 2.8.1

  '@atproto/lexicon@0.7.1':
    dependencies:
      '@atproto/common-web': 0.5.0
      '@atproto/syntax': 0.6.1
      multiformats: 13.4.2
      zod: 3.25.76

  '@atproto/syntax@0.6.1':
    dependencies:
      iso-datestring-validator: 2.2.2
      tslib: 2.8.1

  '@atproto/xrpc@0.8.0':
    dependencies:
      '@atproto/lexicon': 0.7.1
      zod: 3.25.76

  '@t1xx1/tsfix@1.0.0': {}

  '@types/node@25.9.1':
    dependencies:
      undici-types: 7.24.6

  await-lock@3.0.0: {}

  iso-datestring-validator@2.2.2: {}

  multiformats@13.4.2: {}

  tlds@1.261.0: {}

  tslib@2.8.1: {}

  typescript@6.0.3: {}

  uint8arrays@5.1.1:
    dependencies:
      multiformats: 13.4.2

  undici-types@7.24.6: {}

  unicode-segmenter@0.14.5: {}

  zod@3.25.76: {}
