lockfileVersion: '9.0'

settings:
  autoInstallPeers: true
  excludeLinksFromLockfile: false

importers:

  .:
    dependencies:
      '@atproto/api':
        specifier: ^0.20.18
        version: 0.20.18
    devDependencies:
      '@t1xx1/tsfix':
        specifier: ^1.1.1
        version: 1.1.1
      '@types/node':
        specifier: ^26.0.0
        version: 26.0.0
      typescript:
        specifier: ^6.0.3
        version: 6.0.3

packages:

  '@atproto/api@0.20.18':
    resolution: {integrity: sha512-JaU5uCvfusHD88uBFBtYpdKIhSo7AWx2NscRAPHdDJP6pLKhzPAJ4sVPOunrXahr0/f37QmPlFToajqV5XpPTw==}
    engines: {node: '>=22'}

  '@atproto/common-web@0.5.1':
    resolution: {integrity: sha512-nru02gLyzjMQn4ZFgms9ry3kIAKwMaCAvjeFhB9mU6h1ABiSho7aRDbGvnU50CC88TROXuZlgRiEkBjnuiHEtA==}
    engines: {node: '>=22'}

  '@atproto/lex-data@0.1.2':
    resolution: {integrity: sha512-NZ4iZvNaqTM6pz+9VRDyEjtozrrf2EDHySNi3Xa8PCzS8gRMCvsnnsvM7r264v4eSqNIDhBB8fr9hfWCHMspXg==}
    engines: {node: '>=22'}

  '@atproto/lex-json@0.1.1':
    resolution: {integrity: sha512-FC/NsKHm8TDzWikvf/268T3mMAh6+f31yfCApWC3SvrhWc9c06cSYPp7qzpXcdV0OdB+I5dqHScuTB5OC7HrXg==}
    engines: {node: '>=22'}

  '@atproto/lexicon@0.7.2':
    resolution: {integrity: sha512-LVZcTr5+9Qh0okZnNmfRiIDPfbL/6rRxf4goiQxPxwDzaeUDhn4M209i1drmiitbCO1qRLJA2hHF54yNA75Cig==}
    engines: {node: '>=22'}

  '@atproto/syntax@0.6.2':
    resolution: {integrity: sha512-h3njTNFl/jv5kTbDqfamQGOJfGbulqLDuAiLbasKwVdBhFyQanpRLa6vE2WqTwv1XEFWLYNMH0KCVsYwT2+aww==}
    engines: {node: '>=22'}

  '@atproto/xrpc@0.8.1':
    resolution: {integrity: sha512-sKopRG3an6LN6NfHnRNIEX1fBx3CRtxbNFWQxyse2f86wMcTuXM+/+olN4lVXgFQgv4AWvKTxRXWyuIF2G4YxQ==}
    engines: {node: '>=22'}

  '@t1xx1/tsfix@1.1.1':
    resolution: {integrity: sha512-UhpOjhDf/37HCQ1A33LHbzmizs2Ohtg6YWtighMqRgkL7ITLNL1aZeIXJjgpr/Ax184iBdwaqj5S6SCs7jlQdA==}
    engines: {node: '>=24'}

  '@types/node@26.0.0':
    resolution: {integrity: sha512-vf2YFi1iY9lHGwNJMs01biZFbKJkrZR1T6/MlzjhJLPdntOHLhTrDSnSVcdtvjihi4VQNlrFRIxLsDBlQpAipA==}

  await-lock@3.0.0:
    resolution: {integrity: sha512-eO6fLiSnrJrMdjWMNK8zbVRXPs2TKJg78iKZd9wDpN3na5tcoV6EoeiOlMgk2QaAQ1gIrK1YuMsJHXWqz89tSA==}

  iso-datestring-validator@2.2.2:
    resolution: {integrity: sha512-yLEMkBbLZTlVQqOnQ4FiMujR6T4DEcCb1xizmvXS+OxuhwcbtynoosRzdMA69zZCShCNAbi+gJ71FxZBBXx1SA==}

  multiformats@13.4.2:
    resolution: {integrity: sha512-eh6eHCrRi1+POZ3dA+Dq1C6jhP1GNtr9CRINMb67OKzqW9I5DUuZM/3jLPlzhgpGeiNUlEGEbkCYChXMCc/8DQ==}

  tlds@1.261.0:
    resolution: {integrity: sha512-QXqwfEl9ddlGBaRFXIvNKK6OhipSiLXuRuLJX5DErz0o0Q0rYxulWLdFryTkV5PkdZct5iMInwYEGe/eR++1AA==}
    hasBin: true

  tslib@2.8.1:
    resolution: {integrity: sha512-oJFu94HQb+KVduSUQL7wnpmqnfmLsOA/nAh6b6EH0wCEoK0/mPeXU6c3wKDV83MkOuHPRHtSXKKU99IBazS/2w==}

  typescript@6.0.3:
    resolution: {integrity: sha512-y2TvuxSZPDyQakkFRPZHKFm+KKVqIisdg9/CZwm9ftvKXLP8NRWj38/ODjNbr43SsoXqNuAisEf1GdCxqWcdBw==}
    engines: {node: '>=14.17'}
    hasBin: true

  uint8arrays@5.1.1:
    resolution: {integrity: sha512-9muQwa4wZG4dKi9gMAIBtnk2Pw87SRpvWTH6lOGm19V2Uqxr4uomUf2PGqPnWc+qs06sN8owUU4jfcoWOcfwVQ==}

  undici-types@8.3.0:
    resolution: {integrity: sha512-j375ScV60dom+YkPFIfTLcOiPxkN/buHz5GobjLhixFuANaNs3C9l4GmrWqejgXWJ7BbJcFYpTEUkS1Ge8bpZQ==}

  unicode-segmenter@0.14.5:
    resolution: {integrity: sha512-jHGmj2LUuqDcX3hqY12Ql+uhUTn8huuxNZGq7GvtF6bSybzH3aFgedYu/KTzQStEgt1Ra2F3HxadNXsNjb3m3g==}

  zod@3.25.76:
    resolution: {integrity: sha512-gzUt/qt81nXsFGKIFcC3YnfEAx5NkunCfnDlvuBSSFS02bcXu4Lmea0AFIUwbLWxWPx3d9p8S5QoaujKcNQxcQ==}

snapshots:

  '@atproto/api@0.20.18':
    dependencies:
      '@atproto/common-web': 0.5.1
      '@atproto/lexicon': 0.7.2
      '@atproto/syntax': 0.6.2
      '@atproto/xrpc': 0.8.1
      await-lock: 3.0.0
      multiformats: 13.4.2
      tlds: 1.261.0
      zod: 3.25.76

  '@atproto/common-web@0.5.1':
    dependencies:
      '@atproto/lex-data': 0.1.2
      '@atproto/lex-json': 0.1.1
      '@atproto/syntax': 0.6.2
      zod: 3.25.76

  '@atproto/lex-data@0.1.2':
    dependencies:
      multiformats: 13.4.2
      tslib: 2.8.1
      uint8arrays: 5.1.1
      unicode-segmenter: 0.14.5

  '@atproto/lex-json@0.1.1':
    dependencies:
      '@atproto/lex-data': 0.1.2
      tslib: 2.8.1

  '@atproto/lexicon@0.7.2':
    dependencies:
      '@atproto/common-web': 0.5.1
      '@atproto/syntax': 0.6.2
      multiformats: 13.4.2
      zod: 3.25.76

  '@atproto/syntax@0.6.2':
    dependencies:
      iso-datestring-validator: 2.2.2
      tslib: 2.8.1

  '@atproto/xrpc@0.8.1':
    dependencies:
      '@atproto/lexicon': 0.7.2
      zod: 3.25.76

  '@t1xx1/tsfix@1.1.1': {}

  '@types/node@26.0.0':
    dependencies:
      undici-types: 8.3.0

  await-lock@3.0.0: {}

  iso-datestring-validator@2.2.2: {}

  multiformats@13.4.2: {}

  tlds@1.261.0: {}

  tslib@2.8.1: {}

  typescript@6.0.3: {}

  uint8arrays@5.1.1:
    dependencies:
      multiformats: 13.4.2

  undici-types@8.3.0: {}

  unicode-segmenter@0.14.5: {}

  zod@3.25.76: {}
